
Microsoft Visual Studio Solution File, Format Version 12.00
# Visual Studio 2017
Project("{FAE04EC0-301F-11D3-BF4B-00C04F79EFBC}") = "2D UFO Game", "2D UFO Game.csproj", "{59BB36A8-DE2F-85BF-DB6E-13345D0DB14E}"
EndProject
Project("{FAE04EC0-301F-11D3-BF4B-00C04F79EFBC}") = "2D UFO Game.Editor", "2D UFO Game.Editor.csproj", "{A5D01F55-883A-1C7F-308E-750ED78AC1F4}"
EndProject
Global
	GlobalSection(SolutionConfigurationPlatforms) = preSolution
		Debug|Any CPU = Debug|Any CPU
		Release|Any CPU = Release|Any CPU
	EndGlobalSection
	GlobalSection(ProjectConfigurationPlatforms) = postSolution
		{59BB36A8-DE2F-85BF-DB6E-13345D0DB14E}.Debug|Any CPU.ActiveCfg = Debug|Any CPU
		{59BB36A8-DE2F-85BF-DB6E-13345D0DB14E}.Debug|Any CPU.Build.0 = Debug|Any CPU
		{59BB36A8-DE2F-85BF-DB6E-13345D0DB14E}.Release|Any CPU.ActiveCfg = Release|Any CPU
		{59BB36A8-DE2F-85BF-DB6E-13345D0DB14E}.Release|Any CPU.Build.0 = Release|Any CPU
		{A5D01F55-883A-1C7F-308E-750ED78AC1F4}.Debug|Any CPU.ActiveCfg = Debug|Any CPU
		{A5D01F55-883A-1C7F-308E-750ED78AC1F4}.Debug|Any CPU.Build.0 = Debug|Any CPU
		{A5D01F55-883A-1C7F-308E-750ED78AC1F4}.Release|Any CPU.ActiveCfg = Release|Any CPU
		{A5D01F55-883A-1C7F-308E-750ED78AC1F4}.Release|Any CPU.Build.0 = Release|Any CPU
	EndGlobalSection
	GlobalSection(SolutionProperties) = preSolution
		HideSolutionNode = FALSE
	EndGlobalSection
EndGlobal
